
Microsoft Visual Studio Solution File, Format Version 12.00
# Visual Studio 15
VisualStudioVersion = 15.0.28010.2016
MinimumVisualStudioVersion = 10.0.40219.1
Project("{FAE04EC0-301F-11D3-BF4B-00C04F79EFBC}") = "Bits-and-Bites", "Bits-and-Bites\Bits-and-Bites.csproj", "{80219653-ACBB-4D44-8393-B44DFD91103A}"
EndProject
Global
	GlobalSection(SolutionConfigurationPlatforms) = preSolution
		Debug|Any CPU = Debug|Any CPU
		Release|Any CPU = Release|Any CPU
	EndGlobalSection
	GlobalSection(ProjectConfigurationPlatforms) = postSolution
		{80219653-ACBB-4D44-8393-B44DFD91103A}.Debug|Any CPU.ActiveCfg = Debug|Any CPU
		{80219653-ACBB-4D44-8393-B44DFD91103A}.Debug|Any CPU.Build.0 = Debug|Any CPU
		{80219653-ACBB-4D44-8393-B44DFD91103A}.Release|Any CPU.ActiveCfg = Release|Any CPU
		{80219653-ACBB-4D44-8393-B44DFD91103A}.Release|Any CPU.Build.0 = Release|Any CPU
	EndGlobalSection
	GlobalSection(SolutionProperties) = preSolution
		HideSolutionNode = FALSE
	EndGlobalSection
	GlobalSection(ExtensibilityGlobals) = postSolution
		SolutionGuid = {CD648C97-8FE9-4846-88AE-2FB6C50B10BD}
	EndGlobalSection
EndGlobal
